
Microsoft Visual Studio Solution File, Format Version 12.00
# Visual Studio Version 17
VisualStudioVersion = 17.6.33723.286
MinimumVisualStudioVersion = 10.0.40219.1
Project("{FAE04EC0-301F-11D3-BF4B-00C04F79EFBC}") = "APISitemaUnivalle", "APISitemaUnivalle\APISitemaUnivalle.csproj", "{255890FF-2790-4C6D-889C-E37AD2F05E7D}"
EndProject
Global
	GlobalSection(SolutionConfigurationPlatforms) = preSolution
		Debug|Any CPU = Debug|Any CPU
		Release|Any CPU = Release|Any CPU
	EndGlobalSection
	GlobalSection(ProjectConfigurationPlatforms) = postSolution
		{255890FF-2790-4C6D-889C-E37AD2F05E7D}.Debug|Any CPU.ActiveCfg = Debug|Any CPU
		{255890FF-2790-4C6D-889C-E37AD2F05E7D}.Debug|Any CPU.Build.0 = Debug|Any CPU
		{255890FF-2790-4C6D-889C-E37AD2F05E7D}.Release|Any CPU.ActiveCfg = Release|Any CPU
		{255890FF-2790-4C6D-889C-E37AD2F05E7D}.Release|Any CPU.Build.0 = Release|Any CPU
	EndGlobalSection
	GlobalSection(SolutionProperties) = preSolution
		HideSolutionNode = FALSE
	EndGlobalSection
	GlobalSection(ExtensibilityGlobals) = postSolution
		SolutionGuid = {32E858DF-064E-4564-84D7-58FF1AF48A61}
	EndGlobalSection
EndGlobal
